
Microsoft Visual Studio Solution File, Format Version 12.00
# Visual Studio Version 16
VisualStudioVersion = 16.0.31205.134
MinimumVisualStudioVersion = 10.0.40219.1
Project("{9A19103F-16F7-4668-BE54-9A1E7A4F7556}") = "EFSqliteDOTNET50", "EFSqliteDOTNET50.csproj", "{1375E2F8-D997-479A-A5A4-3B7B86A82C95}"
EndProject
Project("{FAE04EC0-301F-11D3-BF4B-00C04F79EFBC}") = "EFSqlite.Tests", "..\EFSqlite.Tests\EFSqlite.Tests\EFSqlite.Tests.csproj", "{05A87FCA-C4D6-4474-B6C8-A07597CF3F90}"
EndProject
Global
	GlobalSection(SolutionConfigurationPlatforms) = preSolution
		Debug|Any CPU = Debug|Any CPU
		Release|Any CPU = Release|Any CPU
	EndGlobalSection
	GlobalSection(ProjectConfigurationPlatforms) = postSolution
		{1375E2F8-D997-479A-A5A4-3B7B86A82C95}.Debug|Any CPU.ActiveCfg = Debug|Any CPU
		{1375E2F8-D997-479A-A5A4-3B7B86A82C95}.Debug|Any CPU.Build.0 = Debug|Any CPU
		{1375E2F8-D997-479A-A5A4-3B7B86A82C95}.Release|Any CPU.ActiveCfg = Release|Any CPU
		{1375E2F8-D997-479A-A5A4-3B7B86A82C95}.Release|Any CPU.Build.0 = Release|Any CPU
		{05A87FCA-C4D6-4474-B6C8-A07597CF3F90}.Debug|Any CPU.ActiveCfg = Debug|Any CPU
		{05A87FCA-C4D6-4474-B6C8-A07597CF3F90}.Debug|Any CPU.Build.0 = Debug|Any CPU
		{05A87FCA-C4D6-4474-B6C8-A07597CF3F90}.Release|Any CPU.ActiveCfg = Release|Any CPU
		{05A87FCA-C4D6-4474-B6C8-A07597CF3F90}.Release|Any CPU.Build.0 = Release|Any CPU
	EndGlobalSection
	GlobalSection(SolutionProperties) = preSolution
		HideSolutionNode = FALSE
	EndGlobalSection
	GlobalSection(ExtensibilityGlobals) = postSolution
		SolutionGuid = {2EFC8BFF-9C2C-4735-B1D3-DAF7AB0E2B0C}
	EndGlobalSection
EndGlobal
