
Microsoft Visual Studio Solution File, Format Version 12.00
# Visual Studio Version 16
VisualStudioVersion = 16.0.31205.134
MinimumVisualStudioVersion = 10.0.40219.1
Project("{9A19103F-16F7-4668-BE54-9A1E7A4F7556}") = "EFSqliteDOTNET50", "EFSqliteDOTNET50.csproj", "{1375E2F8-D997-479A-A5A4-3B7B86A82C95}"
EndProject
Project("{9A19103F-16F7-4668-BE54-9A1E7A4F7556}") = "EFSQLite.Test", "EFSQLite.Test\EFSQLite.Test.csproj", "{BE34D292-8633-4B9D-B791-03E15ACD117D}"
EndProject
Project("{E53339B2-1760-4266-BCC7-CA923CBCF16C}") = "docker-compose", "docker-compose.dcproj", "{E598689C-7091-416B-89EB-9BAB102004CE}"
EndProject
Project("{9A19103F-16F7-4668-BE54-9A1E7A4F7556}") = "PhotoApp.APIs", "PhotoApp.APIs\PhotoApp.APIs.csproj", "{5A9A0A8D-CC5F-4A26-991B-DC4D15DB2C48}"
EndProject
Project("{9A19103F-16F7-4668-BE54-9A1E7A4F7556}") = "PhotoApp.Db", "PhotoApp.Db\PhotoApp.Db.csproj", "{3FBB2A95-C625-4C63-85C6-F92CCB27C187}"
EndProject
Project("{9A19103F-16F7-4668-BE54-9A1E7A4F7556}") = "PhotoApp.Utils", "PhotoApp.Utils\PhotoApp.Utils.csproj", "{98AF3EF2-FA14-46EF-82B3-D3328115CD1E}"
EndProject
Global
	GlobalSection(SolutionConfigurationPlatforms) = preSolution
		Debug|Any CPU = Debug|Any CPU
		Release|Any CPU = Release|Any CPU
	EndGlobalSection
	GlobalSection(ProjectConfigurationPlatforms) = postSolution
		{1375E2F8-D997-479A-A5A4-3B7B86A82C95}.Debug|Any CPU.ActiveCfg = Debug|Any CPU
		{1375E2F8-D997-479A-A5A4-3B7B86A82C95}.Debug|Any CPU.Build.0 = Debug|Any CPU
		{1375E2F8-D997-479A-A5A4-3B7B86A82C95}.Release|Any CPU.ActiveCfg = Release|Any CPU
		{1375E2F8-D997-479A-A5A4-3B7B86A82C95}.Release|Any CPU.Build.0 = Release|Any CPU
		{BE34D292-8633-4B9D-B791-03E15ACD117D}.Debug|Any CPU.ActiveCfg = Debug|Any CPU
		{BE34D292-8633-4B9D-B791-03E15ACD117D}.Debug|Any CPU.Build.0 = Debug|Any CPU
		{BE34D292-8633-4B9D-B791-03E15ACD117D}.Release|Any CPU.ActiveCfg = Release|Any CPU
		{BE34D292-8633-4B9D-B791-03E15ACD117D}.Release|Any CPU.Build.0 = Release|Any CPU
		{E598689C-7091-416B-89EB-9BAB102004CE}.Debug|Any CPU.ActiveCfg = Debug|Any CPU
		{E598689C-7091-416B-89EB-9BAB102004CE}.Debug|Any CPU.Build.0 = Debug|Any CPU
		{E598689C-7091-416B-89EB-9BAB102004CE}.Release|Any CPU.ActiveCfg = Release|Any CPU
		{E598689C-7091-416B-89EB-9BAB102004CE}.Release|Any CPU.Build.0 = Release|Any CPU
		{5A9A0A8D-CC5F-4A26-991B-DC4D15DB2C48}.Debug|Any CPU.ActiveCfg = Debug|Any CPU
		{5A9A0A8D-CC5F-4A26-991B-DC4D15DB2C48}.Debug|Any CPU.Build.0 = Debug|Any CPU
		{5A9A0A8D-CC5F-4A26-991B-DC4D15DB2C48}.Release|Any CPU.ActiveCfg = Release|Any CPU
		{5A9A0A8D-CC5F-4A26-991B-DC4D15DB2C48}.Release|Any CPU.Build.0 = Release|Any CPU
		{3FBB2A95-C625-4C63-85C6-F92CCB27C187}.Debug|Any CPU.ActiveCfg = Debug|Any CPU
		{3FBB2A95-C625-4C63-85C6-F92CCB27C187}.Debug|Any CPU.Build.0 = Debug|Any CPU
		{3FBB2A95-C625-4C63-85C6-F92CCB27C187}.Release|Any CPU.ActiveCfg = Release|Any CPU
		{3FBB2A95-C625-4C63-85C6-F92CCB27C187}.Release|Any CPU.Build.0 = Release|Any CPU
		{98AF3EF2-FA14-46EF-82B3-D3328115CD1E}.Debug|Any CPU.ActiveCfg = Debug|Any CPU
		{98AF3EF2-FA14-46EF-82B3-D3328115CD1E}.Debug|Any CPU.Build.0 = Debug|Any CPU
		{98AF3EF2-FA14-46EF-82B3-D3328115CD1E}.Release|Any CPU.ActiveCfg = Release|Any CPU
		{98AF3EF2-FA14-46EF-82B3-D3328115CD1E}.Release|Any CPU.Build.0 = Release|Any CPU
	EndGlobalSection
	GlobalSection(SolutionProperties) = preSolution
		HideSolutionNode = FALSE
	EndGlobalSection
	GlobalSection(ExtensibilityGlobals) = postSolution
		SolutionGuid = {2EFC8BFF-9C2C-4735-B1D3-DAF7AB0E2B0C}
	EndGlobalSection
EndGlobal
